// !$*UTF8*$!
{
	archiveVersion = 1;
	classes = {
	};
	objectVersion = 46;
	objects = {

/* Begin PBXBuildFile section */
		1157DC1919B885AC00BAE7A6 /* Foundation.framework in Frameworks */ = {isa = PBXBuildFile; fileRef = 1157DC1819B885AC00BAE7A6 /* Foundation.framework */; };
		1157DC1B19B885AC00BAE7A6 /* CoreGraphics.framework in Frameworks */ = {isa = PBXBuildFile; fileRef = 1157DC1A19B885AC00BAE7A6 /* CoreGraphics.framework */; };
		1157DC1D19B885AC00BAE7A6 /* UIKit.framework in Frameworks */ = {isa = PBXBuildFile; fileRef = 1157DC1C19B885AC00BAE7A6 /* UIKit.framework */; };
		1157DC1F19B885AC00BAE7A6 /* SpriteKit.framework in Frameworks */ = {isa = PBXBuildFile; fileRef = 1157DC1E19B885AC00BAE7A6 /* SpriteKit.framework */; };
		1157DC2519B885AC00BAE7A6 /* InfoPlist.strings in Resources */ = {isa = PBXBuildFile; fileRef = 1157DC2319B885AC00BAE7A6 /* InfoPlist.strings */; };
		1157DC2719B885AC00BAE7A6 /* main.m in Sources */ = {isa = PBXBuildFile; fileRef = 1157DC2619B885AC00BAE7A6 /* main.m */; };
		1157DC2B19B885AC00BAE7A6 /* FIGAppDelegate.m in Sources */ = {isa = PBXBuildFile; fileRef = 1157DC2A19B885AC00BAE7A6 /* FIGAppDelegate.m */; };
		1157DC2E19B885AC00BAE7A6 /* Main.storyboard in Resources */ = {isa = PBXBuildFile; fileRef = 1157DC2C19B885AC00BAE7A6 /* Main.storyboard */; };
		1157DC3119B885AC00BAE7A6 /* FIGViewController.m in Sources */ = {isa = PBXBuildFile; fileRef = 1157DC3019B885AC00BAE7A6 /* FIGViewController.m */; };
		1157DC3419B885AC00BAE7A6 /* FIGMyScene.m in Sources */ = {isa = PBXBuildFile; fileRef = 1157DC3319B885AC00BAE7A6 /* FIGMyScene.m */; };
		1157DC3819B885AC00BAE7A6 /* Images.xcassets in Resources */ = {isa = PBXBuildFile; fileRef = 1157DC3719B885AC00BAE7A6 /* Images.xcassets */; };
		1157DC3F19B885AC00BAE7A6 /* XCTest.framework in Frameworks */ = {isa = PBXBuildFile; fileRef = 1157DC3E19B885AC00BAE7A6 /* XCTest.framework */; };
		1157DC4019B885AC00BAE7A6 /* Foundation.framework in Frameworks */ = {isa = PBXBuildFile; fileRef = 1157DC1819B885AC00BAE7A6 /* Foundation.framework */; };
		1157DC4119B885AC00BAE7A6 /* UIKit.framework in Frameworks */ = {isa = PBXBuildFile; fileRef = 1157DC1C19B885AC00BAE7A6 /* UIKit.framework */; };
		1157DC4919B885AC00BAE7A6 /* InfoPlist.strings in Resources */ = {isa = PBXBuildFile; fileRef = 1157DC4719B885AC00BAE7A6 /* InfoPlist.strings */; };
		1157DC4B19B885AC00BAE7A6 /* FIGTests.m in Sources */ = {isa = PBXBuildFile; fileRef = 1157DC4A19B885AC00BAE7A6 /* FIGTests.m */; };
/* End PBXBuildFile section */

/* Begin PBXContainerItemProxy section */
		1157DC4219B885AC00BAE7A6 /* PBXContainerItemProxy */ = {
			isa = PBXContainerItemProxy;
			containerPortal = 1157DC0D19B885AB00BAE7A6 /* Project object */;
			proxyType = 1;
			remoteGlobalIDString = 1157DC1419B885AB00BAE7A6;
			remoteInfo = FIG;
		};
/* End PBXContainerItemProxy section */

/* Begin PBXFileReference section */
		1157DC1519B885AB00BAE7A6 /* FIG.app */ = {isa = PBXFileReference; explicitFileType = wrapper.application; includeInIndex = 0; path = FIG.app; sourceTree = BUILT_PRODUCTS_DIR; };
		1157DC1819B885AC00BAE7A6 /* Foundation.framework */ = {isa = PBXFileReference; lastKnownFileType = wrapper.framework; name = Foundation.framework; path = System/Library/Frameworks/Foundation.framework; sourceTree = SDKROOT; };
		1157DC1A19B885AC00BAE7A6 /* CoreGraphics.framework */ = {isa = PBXFileReference; lastKnownFileType = wrapper.framework; name = CoreGraphics.framework; path = System/Library/Frameworks/CoreGraphics.framework; sourceTree = SDKROOT; };
		1157DC1C19B885AC00BAE7A6 /* UIKit.framework */ = {isa = PBXFileReference; lastKnownFileType = wrapper.framework; name = UIKit.framework; path = System/Library/Frameworks/UIKit.framework; sourceTree = SDKROOT; };
		1157DC1E19B885AC00BAE7A6 /* SpriteKit.framework */ = {isa = PBXFileReference; lastKnownFileType = wrapper.framework; name = SpriteKit.framework; path = System/Library/Frameworks/SpriteKit.framework; sourceTree = SDKROOT; };
		1157DC2219B885AC00BAE7A6 /* FIG-Info.plist */ = {isa = PBXFileReference; lastKnownFileType = text.plist.xml; path = "FIG-Info.plist"; sourceTree = "<group>"; };
		1157DC2419B885AC00BAE7A6 /* en */ = {isa = PBXFileReference; lastKnownFileType = text.plist.strings; name = en; path = en.lproj/InfoPlist.strings; sourceTree = "<group>"; };
		1157DC2619B885AC00BAE7A6 /* main.m */ = {isa = PBXFileReference; lastKnownFileType = sourcecode.c.objc; path = main.m; sourceTree = "<group>"; };
		1157DC2819B885AC00BAE7A6 /* FIG-Prefix.pch */ = {isa = PBXFileReference; lastKnownFileType = sourcecode.c.h; path = "FIG-Prefix.pch"; sourceTree = "<group>"; };
		1157DC2919B885AC00BAE7A6 /* FIGAppDelegate.h */ = {isa = PBXFileReference; lastKnownFileType = sourcecode.c.h; path = FIGAppDelegate.h; sourceTree = "<group>"; };
		1157DC2A19B885AC00BAE7A6 /* FIGAppDelegate.m */ = {isa = PBXFileReference; lastKnownFileType = sourcecode.c.objc; path = FIGAppDelegate.m; sourceTree = "<group>"; };
		1157DC2D19B885AC00BAE7A6 /* Base */ = {isa = PBXFileReference; lastKnownFileType = file.storyboard; name = Base; path = Base.lproj/Main.storyboard; sourceTree = "<group>"; };
		1157DC2F19B885AC00BAE7A6 /* FIGViewController.h */ = {isa = PBXFileReference; lastKnownFileType = sourcecode.c.h; path = FIGViewController.h; sourceTree = "<group>"; };
		1157DC3019B885AC00BAE7A6 /* FIGViewController.m */ = {isa = PBXFileReference; lastKnownFileType = sourcecode.c.objc; path = FIGViewController.m; sourceTree = "<group>"; };
		1157DC3219B885AC00BAE7A6 /* FIGMyScene.h */ = {isa = PBXFileReference; lastKnownFileType = sourcecode.c.h; path = FIGMyScene.h; sourceTree = "<group>"; };
		1157DC3319B885AC00BAE7A6 /* FIGMyScene.m */ = {isa = PBXFileReference; lastKnownFileType = sourcecode.c.objc; path = FIGMyScene.m; sourceTree = "<group>"; };
		1157DC3719B885AC00BAE7A6 /* Images.xcassets */ = {isa = PBXFileReference; lastKnownFileType = folder.assetcatalog; path = Images.xcassets; sourceTree = "<group>"; };
		1157DC3D19B885AC00BAE7A6 /* FIGTests.xctest */ = {isa = PBXFileReference; explicitFileType = wrapper.cfbundle; includeInIndex = 0; path = FIGTests.xctest; sourceTree = BUILT_PRODUCTS_DIR; };
		1157DC3E19B885AC00BAE7A6 /* XCTest.framework */ = {isa = PBXFileReference; lastKnownFileType = wrapper.framework; name = XCTest.framework; path = Library/Frameworks/XCTest.framework; sourceTree = DEVELOPER_DIR; };
		1157DC4619B885AC00BAE7A6 /* FIGTests-Info.plist */ = {isa = PBXFileReference; lastKnownFileType = text.plist.xml; path = "FIGTests-Info.plist"; sourceTree = "<group>"; };
		1157DC4819B885AC00BAE7A6 /* en */ = {isa = PBXFileReference; lastKnownFileType = text.plist.strings; name = en; path = en.lproj/InfoPlist.strings; sourceTree = "<group>"; };
		1157DC4A19B885AC00BAE7A6 /* FIGTests.m */ = {isa = PBXFileReference; lastKnownFileType = sourcecode.c.objc; path = FIGTests.m; sourceTree = "<group>"; };
/* End PBXFileReference section */

/* Begin PBXFrameworksBuildPhase section */
		1157DC1219B885AB00BAE7A6 /* Frameworks */ = {
			isa = PBXFrameworksBuildPhase;
			buildActionMask = 2147483647;
			files = (
				1157DC1B19B885AC00BAE7A6 /* CoreGraphics.framework in Frameworks */,
				1157DC1D19B885AC00BAE7A6 /* UIKit.framework in Frameworks */,
				1157DC1F19B885AC00BAE7A6 /* SpriteKit.framework in Frameworks */,
				1157DC1919B885AC00BAE7A6 /* Foundation.framework in Frameworks */,
			);
			runOnlyForDeploymentPostprocessing = 0;
		};
		1157DC3A19B885AC00BAE7A6 /* Frameworks */ = {
			isa = PBXFrameworksBuildPhase;
			buildActionMask = 2147483647;
			files = (
				1157DC3F19B885AC00BAE7A6 /* XCTest.framework in Frameworks */,
				1157DC4119B885AC00BAE7A6 /* UIKit.framework in Frameworks */,
				1157DC4019B885AC00BAE7A6 /* Foundation.framework in Frameworks */,
			);
			runOnlyForDeploymentPostprocessing = 0;
		};
/* End PBXFrameworksBuildPhase section */

/* Begin PBXGroup section */
		1157DC0C19B885AB00BAE7A6 = {
			isa = PBXGroup;
			children = (
				1157DC2019B885AC00BAE7A6 /* FIG */,
				1157DC4419B885AC00BAE7A6 /* FIGTests */,
				1157DC1719B885AC00BAE7A6 /* Frameworks */,
				1157DC1619B885AC00BAE7A6 /* Products */,
			);
			sourceTree = "<group>";
		};
		1157DC1619B885AC00BAE7A6 /* Products */ = {
			isa = PBXGroup;
			children = (
				1157DC1519B885AB00BAE7A6 /* FIG.app */,
				1157DC3D19B885AC00BAE7A6 /* FIGTests.xctest */,
			);
			name = Products;
			sourceTree = "<group>";
		};
		1157DC1719B885AC00BAE7A6 /* Frameworks */ = {
			isa = PBXGroup;
			children = (
				1157DC1819B885AC00BAE7A6 /* Foundation.framework */,
				1157DC1A19B885AC00BAE7A6 /* CoreGraphics.framework */,
				1157DC1C19B885AC00BAE7A6 /* UIKit.framework */,
				1157DC1E19B885AC00BAE7A6 /* SpriteKit.framework */,
				1157DC3E19B885AC00BAE7A6 /* XCTest.framework */,
			);
			name = Frameworks;
			sourceTree = "<group>";
		};
		1157DC2019B885AC00BAE7A6 /* FIG */ = {
			isa = PBXGroup;
			children = (
				1157DC2919B885AC00BAE7A6 /* FIGAppDelegate.h */,
				1157DC2A19B885AC00BAE7A6 /* FIGAppDelegate.m */,
				1157DC2C19B885AC00BAE7A6 /* Main.storyboard */,
				1157DC2F19B885AC00BAE7A6 /* FIGViewController.h */,
				1157DC3019B885AC00BAE7A6 /* FIGViewController.m */,
				1157DC3219B885AC00BAE7A6 /* FIGMyScene.h */,
				1157DC3319B885AC00BAE7A6 /* FIGMyScene.m */,
				1157DC3719B885AC00BAE7A6 /* Images.xcassets */,
				1157DC2119B885AC00BAE7A6 /* Supporting Files */,
			);
			path = FIG;
			sourceTree = "<group>";
		};
		1157DC2119B885AC00BAE7A6 /* Supporting Files */ = {
			isa = PBXGroup;
			children = (
				1157DC2219B885AC00BAE7A6 /* FIG-Info.plist */,
				1157DC2319B885AC00BAE7A6 /* InfoPlist.strings */,
				1157DC2619B885AC00BAE7A6 /* main.m */,
				1157DC2819B885AC00BAE7A6 /* FIG-Prefix.pch */,
			);
			name = "Supporting Files";
			sourceTree = "<group>";
		};
		1157DC4419B885AC00BAE7A6 /* FIGTests */ = {
			isa = PBXGroup;
			children = (
				1157DC4A19B885AC00BAE7A6 /* FIGTests.m */,
				1157DC4519B885AC00BAE7A6 /* Supporting Files */,
			);
			path = FIGTests;
			sourceTree = "<group>";
		};
		1157DC4519B885AC00BAE7A6 /* Supporting Files */ = {
			isa = PBXGroup;
			children = (
				1157DC4619B885AC00BAE7A6 /* FIGTests-Info.plist */,
				1157DC4719B885AC00BAE7A6 /* InfoPlist.strings */,
			);
			name = "Supporting Files";
			sourceTree = "<group>";
		};
/* End PBXGroup section */

/* Begin PBXNativeTarget section */
		1157DC1419B885AB00BAE7A6 /* FIG */ = {
			isa = PBXNativeTarget;
			buildConfigurationList = 1157DC4E19B885AC00BAE7A6 /* Build configuration list for PBXNativeTarget "FIG" */;
			buildPhases = (
				1157DC1119B885AB00BAE7A6 /* Sources */,
				1157DC1219B885AB00BAE7A6 /* Frameworks */,
				1157DC1319B885AB00BAE7A6 /* Resources */,
			);
			buildRules = (
			);
			dependencies = (
			);
			name = FIG;
			productName = FIG;
			productReference = 1157DC1519B885AB00BAE7A6 /* FIG.app */;
			productType = "com.apple.product-type.application";
		};
		1157DC3C19B885AC00BAE7A6 /* FIGTests */ = {
			isa = PBXNativeTarget;
			buildConfigurationList = 1157DC5119B885AC00BAE7A6 /* Build configuration list for PBXNativeTarget "FIGTests" */;
			buildPhases = (
				1157DC3919B885AC00BAE7A6 /* Sources */,
				1157DC3A19B885AC00BAE7A6 /* Frameworks */,
				1157DC3B19B885AC00BAE7A6 /* Resources */,
			);
			buildRules = (
			);
			dependencies = (
				1157DC4319B885AC00BAE7A6 /* PBXTargetDependency */,
			);
			name = FIGTests;
			productName = FIGTests;
			productReference = 1157DC3D19B885AC00BAE7A6 /* FIGTests.xctest */;
			productType = "com.apple.product-type.bundle.unit-test";
		};
/* End PBXNativeTarget section */

/* Begin PBXProject section */
		1157DC0D19B885AB00BAE7A6 /* Project object */ = {
			isa = PBXProject;
			attributes = {
				CLASSPREFIX = FIG;
				LastUpgradeCheck = 0510;
				ORGANIZATIONNAME = abisetaoshi;
				TargetAttributes = {
					1157DC3C19B885AC00BAE7A6 = {
						TestTargetID = 1157DC1419B885AB00BAE7A6;
					};
				};
			};
			buildConfigurationList = 1157DC1019B885AB00BAE7A6 /* Build configuration list for PBXProject "FIG" */;
			compatibilityVersion = "Xcode 3.2";
			developmentRegion = English;
			hasScannedForEncodings = 0;
			knownRegions = (
				en,
				Base,
			);
			mainGroup = 1157DC0C19B885AB00BAE7A6;
			productRefGroup = 1157DC1619B885AC00BAE7A6 /* Products */;
			projectDirPath = "";
			projectRoot = "";
			targets = (
				1157DC1419B885AB00BAE7A6 /* FIG */,
				1157DC3C19B885AC00BAE7A6 /* FIGTests */,
			);
		};
/* End PBXProject section */

/* Begin PBXResourcesBuildPhase section */
		1157DC1319B885AB00BAE7A6 /* Resources */ = {
			isa = PBXResourcesBuildPhase;
			buildActionMask = 2147483647;
			files = (
				1157DC2519B885AC00BAE7A6 /* InfoPlist.strings in Resources */,
				1157DC3819B885AC00BAE7A6 /* Images.xcassets in Resources */,
				1157DC2E19B885AC00BAE7A6 /* Main.storyboard in Resources */,
			);
			runOnlyForDeploymentPostprocessing = 0;
		};
		1157DC3B19B885AC00BAE7A6 /* Resources */ = {
			isa = PBXResourcesBuildPhase;
			buildActionMask = 2147483647;
			files = (
				1157DC4919B885AC00BAE7A6 /* InfoPlist.strings in Resources */,
			);
			runOnlyForDeploymentPostprocessing = 0;
		};
/* End PBXResourcesBuildPhase section */

/* Begin PBXSourcesBuildPhase section */
		1157DC1119B885AB00BAE7A6 /* Sources */ = {
			isa = PBXSourcesBuildPhase;
			buildActionMask = 2147483647;
			files = (
				1157DC2719B885AC00BAE7A6 /* main.m in Sources */,
				1157DC3419B885AC00BAE7A6 /* FIGMyScene.m in Sources */,
				1157DC3119B885AC00BAE7A6 /* FIGViewController.m in Sources */,
				1157DC2B19B885AC00BAE7A6 /* FIGAppDelegate.m in Sources */,
			);
			runOnlyForDeploymentPostprocessing = 0;
		};
		1157DC3919B885AC00BAE7A6 /* Sources */ = {
			isa = PBXSourcesBuildPhase;
			buildActionMask = 2147483647;
			files = (
				1157DC4B19B885AC00BAE7A6 /* FIGTests.m in Sources */,
			);
			runOnlyForDeploymentPostprocessing = 0;
		};
/* End PBXSourcesBuildPhase section */

/* Begin PBXTargetDependency section */
		1157DC4319B885AC00BAE7A6 /* PBXTargetDependency */ = {
			isa = PBXTargetDependency;
			target = 1157DC1419B885AB00BAE7A6 /* FIG */;
			targetProxy = 1157DC4219B885AC00BAE7A6 /* PBXContainerItemProxy */;
		};
/* End PBXTargetDependency section */

/* Begin PBXVariantGroup section */
		1157DC2319B885AC00BAE7A6 /* InfoPlist.strings */ = {
			isa = PBXVariantGroup;
			children = (
				1157DC2419B885AC00BAE7A6 /* en */,
			);
			name = InfoPlist.strings;
			sourceTree = "<group>";
		};
		1157DC2C19B885AC00BAE7A6 /* Main.storyboard */ = {
			isa = PBXVariantGroup;
			children = (
				1157DC2D19B885AC00BAE7A6 /* Base */,
			);
			name = Main.storyboard;
			sourceTree = "<group>";
		};
		1157DC4719B885AC00BAE7A6 /* InfoPlist.strings */ = {
			isa = PBXVariantGroup;
			children = (
				1157DC4819B885AC00BAE7A6 /* en */,
			);
			name = InfoPlist.strings;
			sourceTree = "<group>";
		};
/* End PBXVariantGroup section */

/* Begin XCBuildConfiguration section */
		1157DC4C19B885AC00BAE7A6 /* Debug */ = {
			isa = XCBuildConfiguration;
			buildSettings = {
				ALWAYS_SEARCH_USER_PATHS = NO;
				CLANG_CXX_LANGUAGE_STANDARD = "gnu++0x";
				CLANG_CXX_LIBRARY = "libc++";
				CLANG_ENABLE_MODULES = YES;
				CLANG_ENABLE_OBJC_ARC = YES;
				CLANG_WARN_BOOL_CONVERSION = YES;
				CLANG_WARN_CONSTANT_CONVERSION = YES;
				CLANG_WARN_DIRECT_OBJC_ISA_USAGE = YES_ERROR;
				CLANG_WARN_EMPTY_BODY = YES;
				CLANG_WARN_ENUM_CONVERSION = YES;
				CLANG_WARN_INT_CONVERSION = YES;
				CLANG_WARN_OBJC_ROOT_CLASS = YES_ERROR;
				CLANG_WARN__DUPLICATE_METHOD_MATCH = YES;
				"CODE_SIGN_IDENTITY[sdk=iphoneos*]" = "iPhone Developer";
				COPY_PHASE_STRIP = NO;
				GCC_C_LANGUAGE_STANDARD = gnu99;
				GCC_DYNAMIC_NO_PIC = NO;
				GCC_OPTIMIZATION_LEVEL = 0;
				GCC_PREPROCESSOR_DEFINITIONS = (
					"DEBUG=1",
					"$(inherited)",
				);
				GCC_SYMBOLS_PRIVATE_EXTERN = NO;
				GCC_WARN_64_TO_32_BIT_CONVERSION = YES;
				GCC_WARN_ABOUT_RETURN_TYPE = YES_ERROR;
				GCC_WARN_UNDECLARED_SELECTOR = YES;
				GCC_WARN_UNINITIALIZED_AUTOS = YES_AGGRESSIVE;
				GCC_WARN_UNUSED_FUNCTION = YES;
				GCC_WARN_UNUSED_VARIABLE = YES;
				IPHONEOS_DEPLOYMENT_TARGET = 7.1;
				ONLY_ACTIVE_ARCH = YES;
				SDKROOT = iphoneos;
			};
			name = Debug;
		};
		1157DC4D19B885AC00BAE7A6 /* Release */ = {
			isa = XCBuildConfiguration;
			buildSettings = {
				ALWAYS_SEARCH_USER_PATHS = NO;
				CLANG_CXX_LANGUAGE_STANDARD = "gnu++0x";
				CLANG_CXX_LIBRARY = "libc++";
				CLANG_ENABLE_MODULES = YES;
				CLANG_ENABLE_OBJC_ARC = YES;
				CLANG_WARN_BOOL_CONVERSION = YES;
				CLANG_WARN_CONSTANT_CONVERSION = YES;
				CLANG_WARN_DIRECT_OBJC_ISA_USAGE = YES_ERROR;
				CLANG_WARN_EMPTY_BODY = YES;
				CLANG_WARN_ENUM_CONVERSION = YES;
				CLANG_WARN_INT_CONVERSION = YES;
				CLANG_WARN_OBJC_ROOT_CLASS = YES_ERROR;
				CLANG_WARN__DUPLICATE_METHOD_MATCH = YES;
				"CODE_SIGN_IDENTITY[sdk=iphoneos*]" = "iPhone Developer";
				COPY_PHASE_STRIP = YES;
				ENABLE_NS_ASSERTIONS = NO;
				GCC_C_LANGUAGE_STANDARD = gnu99;
				GCC_WARN_64_TO_32_BIT_CONVERSION = YES;
				GCC_WARN_ABOUT_RETURN_TYPE = YES_ERROR;
				GCC_WARN_UNDECLARED_SELECTOR = YES;
				GCC_WARN_UNINITIALIZED_AUTOS = YES_AGGRESSIVE;
				GCC_WARN_UNUSED_FUNCTION = YES;
				GCC_WARN_UNUSED_VARIABLE = YES;
				IPHONEOS_DEPLOYMENT_TARGET = 7.1;
				SDKROOT = iphoneos;
				VALIDATE_PRODUCT = YES;
			};
			name = Release;
		};
		1157DC4F19B885AC00BAE7A6 /* Debug */ = {
			isa = XCBuildConfiguration;
			buildSettings = {
				ASSETCATALOG_COMPILER_APPICON_NAME = AppIcon;
				ASSETCATALOG_COMPILER_LAUNCHIMAGE_NAME = LaunchImage;
				GCC_PRECOMPILE_PREFIX_HEADER = YES;
				GCC_PREFIX_HEADER = "FIG/FIG-Prefix.pch";
				INFOPLIST_FILE = "FIG/FIG-Info.plist";
				PRODUCT_NAME = "$(TARGET_NAME)";
				SPRITEKIT_TEXTURE_ATLAS_OUTPUT = YES;
				WRAPPER_EXTENSION = app;
			};
			name = Debug;
		};
		1157DC5019B885AC00BAE7A6 /* Release */ = {
			isa = XCBuildConfiguration;
			buildSettings = {
				ASSETCATALOG_COMPILER_APPICON_NAME = AppIcon;
				ASSETCATALOG_COMPILER_LAUNCHIMAGE_NAME = LaunchImage;
				GCC_PRECOMPILE_PREFIX_HEADER = YES;
				GCC_PREFIX_HEADER = "FIG/FIG-Prefix.pch";
				INFOPLIST_FILE = "FIG/FIG-Info.plist";
				PRODUCT_NAME = "$(TARGET_NAME)";
				SPRITEKIT_TEXTURE_ATLAS_OUTPUT = YES;
				WRAPPER_EXTENSION = app;
			};
			name = Release;
		};
		1157DC5219B885AC00BAE7A6 /* Debug */ = {
			isa = XCBuildConfiguration;
			buildSettings = {
				BUNDLE_LOADER = "$(BUILT_PRODUCTS_DIR)/FIG.app/FIG";
				FRAMEWORK_SEARCH_PATHS = (
					"$(SDKROOT)/Developer/Library/Frameworks",
					"$(inherited)",
					"$(DEVELOPER_FRAMEWORKS_DIR)",
				);
				GCC_PRECOMPILE_PREFIX_HEADER = YES;
				GCC_PREFIX_HEADER = "FIG/FIG-Prefix.pch";
				GCC_PREPROCESSOR_DEFINITIONS = (
					"DEBUG=1",
					"$(inherited)",
				);
				INFOPLIST_FILE = "FIGTests/FIGTests-Info.plist";
				PRODUCT_NAME = "$(TARGET_NAME)";
				TEST_HOST = "$(BUNDLE_LOADER)";
				WRAPPER_EXTENSION = xctest;
			};
			name = Debug;
		};
		1157DC5319B885AC00BAE7A6 /* Release */ = {
			isa = XCBuildConfiguration;
			buildSettings = {
				BUNDLE_LOADER = "$(BUILT_PRODUCTS_DIR)/FIG.app/FIG";
				FRAMEWORK_SEARCH_PATHS = (
					"$(SDKROOT)/Developer/Library/Frameworks",
					"$(inherited)",
					"$(DEVELOPER_FRAMEWORKS_DIR)",
				);
				GCC_PRECOMPILE_PREFIX_HEADER = YES;
				GCC_PREFIX_HEADER = "FIG/FIG-Prefix.pch";
				INFOPLIST_FILE = "FIGTests/FIGTests-Info.plist";
				PRODUCT_NAME = "$(TARGET_NAME)";
				TEST_HOST = "$(BUNDLE_LOADER)";
				WRAPPER_EXTENSION = xctest;
			};
			name = Release;
		};
/* End XCBuildConfiguration section */

/* Begin XCConfigurationList section */
		1157DC1019B885AB00BAE7A6 /* Build configuration list for PBXProject "FIG" */ = {
			isa = XCConfigurationList;
			buildConfigurations = (
				1157DC4C19B885AC00BAE7A6 /* Debug */,
				1157DC4D19B885AC00BAE7A6 /* Release */,
			);
			defaultConfigurationIsVisible = 0;
			defaultConfigurationName = Release;
		};
		1157DC4E19B885AC00BAE7A6 /* Build configuration list for PBXNativeTarget "FIG" */ = {
			isa = XCConfigurationList;
			buildConfigurations = (
				1157DC4F19B885AC00BAE7A6 /* Debug */,
				1157DC5019B885AC00BAE7A6 /* Release */,
			);
			defaultConfigurationIsVisible = 0;
		};
		1157DC5119B885AC00BAE7A6 /* Build configuration list for PBXNativeTarget "FIGTests" */ = {
			isa = XCConfigurationList;
			buildConfigurations = (
				1157DC5219B885AC00BAE7A6 /* Debug */,
				1157DC5319B885AC00BAE7A6 /* Release */,
			);
			defaultConfigurationIsVisible = 0;
		};
/* End XCConfigurationList section */
	};
	rootObject = 1157DC0D19B885AB00BAE7A6 /* Project object */;
}
